dependencies:
- name: prometheus-node-exporter
  repository: https://prometheus-community.github.io/helm-charts
  version: 4.40.0
- name: dcgm-exporter
  repository: https://nvidia.github.io/dcgm-exporter/helm-charts
  version: 4.5.2
- name: device-metrics-exporter-charts
  repository: https://rocm.github.io/device-metrics-exporter/
  version: v1.4.0
digest: sha256:4dbe7b19f09702efaf5961fcf0caea19f78a352310c8dc34cc1892e782705a69
generated: "2025-10-30T14:25:38.003165-07:00"
